
Microsoft Visual Studio Solution File, Format Version 12.00
# Visual Studio Version 17
VisualStudioVersion = 17.11.35222.181
MinimumVisualStudioVersion = 10.0.40219.1
Project("{FAE04EC0-301F-11D3-BF4B-00C04F79EFBC}") = "API", "API\API.csproj", "{04725BB2-A4D1-46F0-AF68-A8C3EBAF90A8}"
EndProject
Project("{FAE04EC0-301F-11D3-BF4B-00C04F79EFBC}") = "Core", "Core\Core.csproj", "{133C58C4-0939-45F7-A11D-B00879C747CA}"
EndProject
Project("{FAE04EC0-301F-11D3-BF4B-00C04F79EFBC}") = "Service", "Service\Service.csproj", "{3086599A-E2AE-48DF-AF44-5AC6F0B34022}"
EndProject
Project("{FAE04EC0-301F-11D3-BF4B-00C04F79EFBC}") = "Infrastructure", "Infrastructure\Infrastructure.csproj", "{89C5F571-884C-47C0-A5C2-DE689BE1DC8F}"
EndProject
Project("{FAE04EC0-301F-11D3-BF4B-00C04F79EFBC}") = "Data", "Data\Data.csproj", "{9325D1DD-0393-4933-A888-7F98FFB164F6}"
EndProject
Global
	GlobalSection(SolutionConfigurationPlatforms) = preSolution
		Debug|Any CPU = Debug|Any CPU
		Release|Any CPU = Release|Any CPU
	EndGlobalSection
	GlobalSection(ProjectConfigurationPlatforms) = postSolution
		{04725BB2-A4D1-46F0-AF68-A8C3EBAF90A8}.Debug|Any CPU.ActiveCfg = Debug|Any CPU
		{04725BB2-A4D1-46F0-AF68-A8C3EBAF90A8}.Debug|Any CPU.Build.0 = Debug|Any CPU
		{04725BB2-A4D1-46F0-AF68-A8C3EBAF90A8}.Release|Any CPU.ActiveCfg = Release|Any CPU
		{04725BB2-A4D1-46F0-AF68-A8C3EBAF90A8}.Release|Any CPU.Build.0 = Release|Any CPU
		{133C58C4-0939-45F7-A11D-B00879C747CA}.Debug|Any CPU.ActiveCfg = Debug|Any CPU
		{133C58C4-0939-45F7-A11D-B00879C747CA}.Debug|Any CPU.Build.0 = Debug|Any CPU
		{133C58C4-0939-45F7-A11D-B00879C747CA}.Release|Any CPU.ActiveCfg = Release|Any CPU
		{133C58C4-0939-45F7-A11D-B00879C747CA}.Release|Any CPU.Build.0 = Release|Any CPU
		{3086599A-E2AE-48DF-AF44-5AC6F0B34022}.Debug|Any CPU.ActiveCfg = Debug|Any CPU
		{3086599A-E2AE-48DF-AF44-5AC6F0B34022}.Debug|Any CPU.Build.0 = Debug|Any CPU
		{3086599A-E2AE-48DF-AF44-5AC6F0B34022}.Release|Any CPU.ActiveCfg = Release|Any CPU
		{3086599A-E2AE-48DF-AF44-5AC6F0B34022}.Release|Any CPU.Build.0 = Release|Any CPU
		{89C5F571-884C-47C0-A5C2-DE689BE1DC8F}.Debug|Any CPU.ActiveCfg = Debug|Any CPU
		{89C5F571-884C-47C0-A5C2-DE689BE1DC8F}.Debug|Any CPU.Build.0 = Debug|Any CPU
		{89C5F571-884C-47C0-A5C2-DE689BE1DC8F}.Release|Any CPU.ActiveCfg = Release|Any CPU
		{89C5F571-884C-47C0-A5C2-DE689BE1DC8F}.Release|Any CPU.Build.0 = Release|Any CPU
		{9325D1DD-0393-4933-A888-7F98FFB164F6}.Debug|Any CPU.ActiveCfg = Debug|Any CPU
		{9325D1DD-0393-4933-A888-7F98FFB164F6}.Debug|Any CPU.Build.0 = Debug|Any CPU
		{9325D1DD-0393-4933-A888-7F98FFB164F6}.Release|Any CPU.ActiveCfg = Release|Any CPU
		{9325D1DD-0393-4933-A888-7F98FFB164F6}.Release|Any CPU.Build.0 = Release|Any CPU
	EndGlobalSection
	GlobalSection(SolutionProperties) = preSolution
		HideSolutionNode = FALSE
	EndGlobalSection
	GlobalSection(ExtensibilityGlobals) = postSolution
		SolutionGuid = {91AB74DB-B2A4-4B71-BF70-1149FC20D680}
	EndGlobalSection
EndGlobal
