
Microsoft Visual Studio Solution File, Format Version 12.00
# Visual Studio Version 17
VisualStudioVersion = 17.11.35222.181
MinimumVisualStudioVersion = 10.0.40219.1
Project("{FAE04EC0-301F-11D3-BF4B-00C04F79EFBC}") = "RestaurantApp.Api", "RestaurantAppApi\RestaurantApp.Api.csproj", "{6ADE3EC3-C685-4DDF-9701-A41EB060A2F9}"
EndProject
Project("{FAE04EC0-301F-11D3-BF4B-00C04F79EFBC}") = "RestaurantApp.Core", "RestaurantApp.Core\RestaurantApp.Core.csproj", "{BD9DF876-EE83-42C3-9257-53089B108908}"
EndProject
Project("{FAE04EC0-301F-11D3-BF4B-00C04F79EFBC}") = "RestaurantApp.Data", "RestaurantApp.Data\RestaurantApp.Data.csproj", "{725D641D-709A-4B40-82E1-B8F56ED759B1}"
EndProject
Project("{FAE04EC0-301F-11D3-BF4B-00C04F79EFBC}") = "RestaurantApp.Service", "RestaurantApp.Service\RestaurantApp.Service.csproj", "{808FBD4C-4EE5-4900-A5DB-7B02EED0327D}"
EndProject
Global
	GlobalSection(SolutionConfigurationPlatforms) = preSolution
		Debug|Any CPU = Debug|Any CPU
		Release|Any CPU = Release|Any CPU
	EndGlobalSection
	GlobalSection(ProjectConfigurationPlatforms) = postSolution
		{6ADE3EC3-C685-4DDF-9701-A41EB060A2F9}.Debug|Any CPU.ActiveCfg = Debug|Any CPU
		{6ADE3EC3-C685-4DDF-9701-A41EB060A2F9}.Debug|Any CPU.Build.0 = Debug|Any CPU
		{6ADE3EC3-C685-4DDF-9701-A41EB060A2F9}.Release|Any CPU.ActiveCfg = Release|Any CPU
		{6ADE3EC3-C685-4DDF-9701-A41EB060A2F9}.Release|Any CPU.Build.0 = Release|Any CPU
		{BD9DF876-EE83-42C3-9257-53089B108908}.Debug|Any CPU.ActiveCfg = Debug|Any CPU
		{BD9DF876-EE83-42C3-9257-53089B108908}.Debug|Any CPU.Build.0 = Debug|Any CPU
		{BD9DF876-EE83-42C3-9257-53089B108908}.Release|Any CPU.ActiveCfg = Release|Any CPU
		{BD9DF876-EE83-42C3-9257-53089B108908}.Release|Any CPU.Build.0 = Release|Any CPU
		{725D641D-709A-4B40-82E1-B8F56ED759B1}.Debug|Any CPU.ActiveCfg = Debug|Any CPU
		{725D641D-709A-4B40-82E1-B8F56ED759B1}.Debug|Any CPU.Build.0 = Debug|Any CPU
		{725D641D-709A-4B40-82E1-B8F56ED759B1}.Release|Any CPU.ActiveCfg = Release|Any CPU
		{725D641D-709A-4B40-82E1-B8F56ED759B1}.Release|Any CPU.Build.0 = Release|Any CPU
		{808FBD4C-4EE5-4900-A5DB-7B02EED0327D}.Debug|Any CPU.ActiveCfg = Debug|Any CPU
		{808FBD4C-4EE5-4900-A5DB-7B02EED0327D}.Debug|Any CPU.Build.0 = Debug|Any CPU
		{808FBD4C-4EE5-4900-A5DB-7B02EED0327D}.Release|Any CPU.ActiveCfg = Release|Any CPU
		{808FBD4C-4EE5-4900-A5DB-7B02EED0327D}.Release|Any CPU.Build.0 = Release|Any CPU
	EndGlobalSection
	GlobalSection(SolutionProperties) = preSolution
		HideSolutionNode = FALSE
	EndGlobalSection
	GlobalSection(ExtensibilityGlobals) = postSolution
		SolutionGuid = {CE22E3A6-69C4-4C18-8A63-76415A9B056F}
	EndGlobalSection
EndGlobal
